
Microsoft Visual Studio Solution File, Format Version 12.00
# Visual Studio Version 17
VisualStudioVersion = 17.9.34714.143
MinimumVisualStudioVersion = 10.0.40219.1
Project("{FAE04EC0-301F-11D3-BF4B-00C04F79EFBC}") = "MakeCodeArcadeHub", "MakeCodeArcadeHub\MakeCodeArcadeHub.csproj", "{6825FF99-113C-48BC-8D12-DCF62643079F}"
EndProject
Global
	GlobalSection(SolutionConfigurationPlatforms) = preSolution
		Debug|Any CPU = Debug|Any CPU
		Release|Any CPU = Release|Any CPU
	EndGlobalSection
	GlobalSection(ProjectConfigurationPlatforms) = postSolution
		{6825FF99-113C-48BC-8D12-DCF62643079F}.Debug|Any CPU.ActiveCfg = Debug|Any CPU
		{6825FF99-113C-48BC-8D12-DCF62643079F}.Debug|Any CPU.Build.0 = Debug|Any CPU
		{6825FF99-113C-48BC-8D12-DCF62643079F}.Release|Any CPU.ActiveCfg = Release|Any CPU
		{6825FF99-113C-48BC-8D12-DCF62643079F}.Release|Any CPU.Build.0 = Release|Any CPU
	EndGlobalSection
	GlobalSection(SolutionProperties) = preSolution
		HideSolutionNode = FALSE
	EndGlobalSection
	GlobalSection(ExtensibilityGlobals) = postSolution
		SolutionGuid = {1FB9086F-E02F-4803-AF8B-32EB06A66205}
	EndGlobalSection
EndGlobal
